schema: '2.0'
stages:
  data_ingestion:
    cmd: python src/data_ingestion.py
    deps:
    - path: config.yaml
      hash: md5
      md5: 23acf50d6871a6e54824acaa272dc832
      size: 428
    - path: src/data_ingestion.py
      hash: md5
      md5: f8dae613e5f1a0e09ad978e8d580d5db
      size: 8499
    outs:
    - path: data/raw/annotations.csv
      hash: md5
      md5: 5c275bf4ea5d95cd08434ee49ec69ed7
      size: 210284
    - path: data/raw/final_satellite_indices.csv
      hash: md5
      md5: 572fa25a818a496814a85a9bdf7003de
      size: 30971401
  data_cleaning:
    cmd: python src/data_cleaning.py
    deps:
    - path: data/raw/annotations.csv
      hash: md5
      md5: 5c275bf4ea5d95cd08434ee49ec69ed7
      size: 210284
    - path: data/raw/final_satellite_indices.csv
      hash: md5
      md5: 572fa25a818a496814a85a9bdf7003de
      size: 30971401
    - path: src/data_cleaning.py
      hash: md5
      md5: 7cf5e4947947b022878857556894ed9d
      size: 12233
    outs:
    - path: data/processed/test_final_dataset.csv
      hash: md5
      md5: 29f2bff4773fa6c638a74fb479ab0911
      size: 449726
    - path: data/processed/train_final_dataset.csv
      hash: md5
      md5: 29ad46326935578934de4ed0d03641bb
      size: 3168125
